// !$*UTF8*$!
{
	archiveVersion = 1;
	classes = {
	};
	objectVersion = 50;
	objects = {

/* Begin PBXBuildFile section */
		707029A024B6129E00AF7491 /* AppDelegate.swift in Sources */ = {isa = PBXBuildFile; fileRef = 7070299F24B6129E00AF7491 /* AppDelegate.swift */; };
		707029A424B6129E00AF7491 /* ViewController.swift in Sources */ = {isa = PBXBuildFile; fileRef = 707029A324B6129E00AF7491 /* ViewController.swift */; };
		707029A724B6129E00AF7491 /* Main.storyboard in Resources */ = {isa = PBXBuildFile; fileRef = 707029A524B6129E00AF7491 /* Main.storyboard */; };
		707029A924B612A000AF7491 /* Assets.xcassets in Resources */ = {isa = PBXBuildFile; fileRef = 707029A824B612A000AF7491 /* Assets.xcassets */; };
		707029AC24B612A000AF7491 /* LaunchScreen.storyboard in Resources */ = {isa = PBXBuildFile; fileRef = 707029AA24B612A000AF7491 /* LaunchScreen.storyboard */; };
		707029BC24B61F3800AF7491 /* HomeRouter.swift in Sources */ = {isa = PBXBuildFile; fileRef = 707029B924B61F3800AF7491 /* HomeRouter.swift */; };
		707029BD24B61F3800AF7491 /* HomeInteractor.swift in Sources */ = {isa = PBXBuildFile; fileRef = 707029BA24B61F3800AF7491 /* HomeInteractor.swift */; };
		707029BE24B61F3800AF7491 /* HomeConfigurator.swift in Sources */ = {isa = PBXBuildFile; fileRef = 707029BB24B61F3800AF7491 /* HomeConfigurator.swift */; };
		707029C724B61FD900AF7491 /* HomeViewController.swift in Sources */ = {isa = PBXBuildFile; fileRef = 707029C524B61FD900AF7491 /* HomeViewController.swift */; };
		707029C824B61FD900AF7491 /* HomeViewController.xib in Resources */ = {isa = PBXBuildFile; fileRef = 707029C624B61FD900AF7491 /* HomeViewController.xib */; };
		707029CA24B61FE700AF7491 /* HomePresenter.swift in Sources */ = {isa = PBXBuildFile; fileRef = 707029C924B61FE700AF7491 /* HomePresenter.swift */; };
		707029CC24B61FF700AF7491 /* HomeWorker.swift in Sources */ = {isa = PBXBuildFile; fileRef = 707029CB24B61FF700AF7491 /* HomeWorker.swift */; };
/* End PBXBuildFile section */

/* Begin PBXFileReference section */
		7070299C24B6129E00AF7491 /* KitaBisaMovieDBTest.app */ = {isa = PBXFileReference; explicitFileType = wrapper.application; includeInIndex = 0; path = KitaBisaMovieDBTest.app; sourceTree = BUILT_PRODUCTS_DIR; };
		7070299F24B6129E00AF7491 /* AppDelegate.swift */ = {isa = PBXFileReference; lastKnownFileType = sourcecode.swift; path = AppDelegate.swift; sourceTree = "<group>"; };
		707029A324B6129E00AF7491 /* ViewController.swift */ = {isa = PBXFileReference; lastKnownFileType = sourcecode.swift; path = ViewController.swift; sourceTree = "<group>"; };
		707029A624B6129E00AF7491 /* Base */ = {isa = PBXFileReference; lastKnownFileType = file.storyboard; name = Base; path = Base.lproj/Main.storyboard; sourceTree = "<group>"; };
		707029A824B612A000AF7491 /* Assets.xcassets */ = {isa = PBXFileReference; lastKnownFileType = folder.assetcatalog; path = Assets.xcassets; sourceTree = "<group>"; };
		707029AB24B612A000AF7491 /* Base */ = {isa = PBXFileReference; lastKnownFileType = file.storyboard; name = Base; path = Base.lproj/LaunchScreen.storyboard; sourceTree = "<group>"; };
		707029AD24B612A000AF7491 /* Info.plist */ = {isa = PBXFileReference; lastKnownFileType = text.plist.xml; path = Info.plist; sourceTree = "<group>"; };
		707029B924B61F3800AF7491 /* HomeRouter.swift */ = {isa = PBXFileReference; lastKnownFileType = sourcecode.swift; path = HomeRouter.swift; sourceTree = "<group>"; };
		707029BA24B61F3800AF7491 /* HomeInteractor.swift */ = {isa = PBXFileReference; lastKnownFileType = sourcecode.swift; path = HomeInteractor.swift; sourceTree = "<group>"; };
		707029BB24B61F3800AF7491 /* HomeConfigurator.swift */ = {isa = PBXFileReference; lastKnownFileType = sourcecode.swift; path = HomeConfigurator.swift; sourceTree = "<group>"; };
		707029C524B61FD900AF7491 /* HomeViewController.swift */ = {isa = PBXFileReference; lastKnownFileType = sourcecode.swift; path = HomeViewController.swift; sourceTree = "<group>"; };
		707029C624B61FD900AF7491 /* HomeViewController.xib */ = {isa = PBXFileReference; lastKnownFileType = file.xib; path = HomeViewController.xib; sourceTree = "<group>"; };
		707029C924B61FE700AF7491 /* HomePresenter.swift */ = {isa = PBXFileReference; lastKnownFileType = sourcecode.swift; path = HomePresenter.swift; sourceTree = "<group>"; };
		707029CB24B61FF700AF7491 /* HomeWorker.swift */ = {isa = PBXFileReference; lastKnownFileType = sourcecode.swift; path = HomeWorker.swift; sourceTree = "<group>"; };
/* End PBXFileReference section */

/* Begin PBXFrameworksBuildPhase section */
		7070299924B6129E00AF7491 /* Frameworks */ = {
			isa = PBXFrameworksBuildPhase;
			buildActionMask = 2147483647;
			files = (
			);
			runOnlyForDeploymentPostprocessing = 0;
		};
/* End PBXFrameworksBuildPhase section */

/* Begin PBXGroup section */
		7070299324B6129E00AF7491 = {
			isa = PBXGroup;
			children = (
				7070299E24B6129E00AF7491 /* KitaBisaMovieDBTest */,
				7070299D24B6129E00AF7491 /* Products */,
			);
			sourceTree = "<group>";
		};
		7070299D24B6129E00AF7491 /* Products */ = {
			isa = PBXGroup;
			children = (
				7070299C24B6129E00AF7491 /* KitaBisaMovieDBTest.app */,
			);
			name = Products;
			sourceTree = "<group>";
		};
		7070299E24B6129E00AF7491 /* KitaBisaMovieDBTest */ = {
			isa = PBXGroup;
			children = (
				707029CD24B6208300AF7491 /* Common */,
				707029C424B61F8F00AF7491 /* Entities */,
				707029B424B61E1D00AF7491 /* Features */,
				7070299F24B6129E00AF7491 /* AppDelegate.swift */,
				707029A324B6129E00AF7491 /* ViewController.swift */,
				707029A524B6129E00AF7491 /* Main.storyboard */,
				707029A824B612A000AF7491 /* Assets.xcassets */,
				707029AA24B612A000AF7491 /* LaunchScreen.storyboard */,
				707029AD24B612A000AF7491 /* Info.plist */,
			);
			path = KitaBisaMovieDBTest;
			sourceTree = "<group>";
		};
		707029B424B61E1D00AF7491 /* Features */ = {
			isa = PBXGroup;
			children = (
				707029B524B61E3D00AF7491 /* Home */,
			);
			path = Features;
			sourceTree = "<group>";
		};
		707029B524B61E3D00AF7491 /* Home */ = {
			isa = PBXGroup;
			children = (
				707029B624B61E4800AF7491 /* Worker */,
				707029C324B61F6C00AF7491 /* Presenter */,
				707029B824B61E5400AF7491 /* Interactor */,
				707029B724B61E5000AF7491 /* View */,
			);
			path = Home;
			sourceTree = "<group>";
		};
		707029B624B61E4800AF7491 /* Worker */ = {
			isa = PBXGroup;
			children = (
				707029CB24B61FF700AF7491 /* HomeWorker.swift */,
			);
			path = Worker;
			sourceTree = "<group>";
		};
		707029B724B61E5000AF7491 /* View */ = {
			isa = PBXGroup;
			children = (
				707029BF24B61F4100AF7491 /* View */,
			);
			path = View;
			sourceTree = "<group>";
		};
		707029B824B61E5400AF7491 /* Interactor */ = {
			isa = PBXGroup;
			children = (
				707029B924B61F3800AF7491 /* HomeRouter.swift */,
				707029BA24B61F3800AF7491 /* HomeInteractor.swift */,
				707029BB24B61F3800AF7491 /* HomeConfigurator.swift */,
			);
			path = Interactor;
			sourceTree = "<group>";
		};
		707029BF24B61F4100AF7491 /* View */ = {
			isa = PBXGroup;
			children = (
				707029C224B61F5600AF7491 /* Cells */,
				707029C124B61F4F00AF7491 /* Controllers */,
			);
			path = View;
			sourceTree = "<group>";
		};
		707029C124B61F4F00AF7491 /* Controllers */ = {
			isa = PBXGroup;
			children = (
				707029C524B61FD900AF7491 /* HomeViewController.swift */,
				707029C624B61FD900AF7491 /* HomeViewController.xib */,
			);
			path = Controllers;
			sourceTree = "<group>";
		};
		707029C224B61F5600AF7491 /* Cells */ = {
			isa = PBXGroup;
			children = (
			);
			path = Cells;
			sourceTree = "<group>";
		};
		707029C324B61F6C00AF7491 /* Presenter */ = {
			isa = PBXGroup;
			children = (
				707029C924B61FE700AF7491 /* HomePresenter.swift */,
			);
			path = Presenter;
			sourceTree = "<group>";
		};
		707029C424B61F8F00AF7491 /* Entities */ = {
			isa = PBXGroup;
			children = (
			);
			path = Entities;
			sourceTree = "<group>";
		};
		707029CD24B6208300AF7491 /* Common */ = {
			isa = PBXGroup;
			children = (
				707029CE24B620B400AF7491 /* Extension */,
			);
			path = Common;
			sourceTree = "<group>";
		};
		707029CE24B620B400AF7491 /* Extension */ = {
			isa = PBXGroup;
			children = (
			);
			path = Extension;
			sourceTree = "<group>";
		};
/* End PBXGroup section */

/* Begin PBXNativeTarget section */
		7070299B24B6129E00AF7491 /* KitaBisaMovieDBTest */ = {
			isa = PBXNativeTarget;
			buildConfigurationList = 707029B024B612A000AF7491 /* Build configuration list for PBXNativeTarget "KitaBisaMovieDBTest" */;
			buildPhases = (
				7070299824B6129E00AF7491 /* Sources */,
				7070299924B6129E00AF7491 /* Frameworks */,
				7070299A24B6129E00AF7491 /* Resources */,
			);
			buildRules = (
			);
			dependencies = (
			);
			name = KitaBisaMovieDBTest;
			productName = KitaBisaMovieDBTest;
			productReference = 7070299C24B6129E00AF7491 /* KitaBisaMovieDBTest.app */;
			productType = "com.apple.product-type.application";
		};
/* End PBXNativeTarget section */

/* Begin PBXProject section */
		7070299424B6129E00AF7491 /* Project object */ = {
			isa = PBXProject;
			attributes = {
				LastSwiftUpdateCheck = 1150;
				LastUpgradeCheck = 1150;
				ORGANIZATIONNAME = "Yaffi Azmi";
				TargetAttributes = {
					7070299B24B6129E00AF7491 = {
						CreatedOnToolsVersion = 11.5;
					};
				};
			};
			buildConfigurationList = 7070299724B6129E00AF7491 /* Build configuration list for PBXProject "KitaBisaMovieDBTest" */;
			compatibilityVersion = "Xcode 9.3";
			developmentRegion = en;
			hasScannedForEncodings = 0;
			knownRegions = (
				en,
				Base,
			);
			mainGroup = 7070299324B6129E00AF7491;
			productRefGroup = 7070299D24B6129E00AF7491 /* Products */;
			projectDirPath = "";
			projectRoot = "";
			targets = (
				7070299B24B6129E00AF7491 /* KitaBisaMovieDBTest */,
			);
		};
/* End PBXProject section */

/* Begin PBXResourcesBuildPhase section */
		7070299A24B6129E00AF7491 /* Resources */ = {
			isa = PBXResourcesBuildPhase;
			buildActionMask = 2147483647;
			files = (
				707029AC24B612A000AF7491 /* LaunchScreen.storyboard in Resources */,
				707029A924B612A000AF7491 /* Assets.xcassets in Resources */,
				707029A724B6129E00AF7491 /* Main.storyboard in Resources */,
				707029C824B61FD900AF7491 /* HomeViewController.xib in Resources */,
			);
			runOnlyForDeploymentPostprocessing = 0;
		};
/* End PBXResourcesBuildPhase section */

/* Begin PBXSourcesBuildPhase section */
		7070299824B6129E00AF7491 /* Sources */ = {
			isa = PBXSourcesBuildPhase;
			buildActionMask = 2147483647;
			files = (
				707029CA24B61FE700AF7491 /* HomePresenter.swift in Sources */,
				707029A424B6129E00AF7491 /* ViewController.swift in Sources */,
				707029BC24B61F3800AF7491 /* HomeRouter.swift in Sources */,
				707029A024B6129E00AF7491 /* AppDelegate.swift in Sources */,
				707029BD24B61F3800AF7491 /* HomeInteractor.swift in Sources */,
				707029BE24B61F3800AF7491 /* HomeConfigurator.swift in Sources */,
				707029CC24B61FF700AF7491 /* HomeWorker.swift in Sources */,
				707029C724B61FD900AF7491 /* HomeViewController.swift in Sources */,
			);
			runOnlyForDeploymentPostprocessing = 0;
		};
/* End PBXSourcesBuildPhase section */

/* Begin PBXVariantGroup section */
		707029A524B6129E00AF7491 /* Main.storyboard */ = {
			isa = PBXVariantGroup;
			children = (
				707029A624B6129E00AF7491 /* Base */,
			);
			name = Main.storyboard;
			sourceTree = "<group>";
		};
		707029AA24B612A000AF7491 /* LaunchScreen.storyboard */ = {
			isa = PBXVariantGroup;
			children = (
				707029AB24B612A000AF7491 /* Base */,
			);
			name = LaunchScreen.storyboard;
			sourceTree = "<group>";
		};
/* End PBXVariantGroup section */

/* Begin XCBuildConfiguration section */
		707029AE24B612A000AF7491 /* Debug */ = {
			isa = XCBuildConfiguration;
			buildSettings = {
				ALWAYS_SEARCH_USER_PATHS = NO;
				CLANG_ANALYZER_NONNULL = YES;
				CLANG_ANALYZER_NUMBER_OBJECT_CONVERSION = YES_AGGRESSIVE;
				CLANG_CXX_LANGUAGE_STANDARD = "gnu++14";
				CLANG_CXX_LIBRARY = "libc++";
				CLANG_ENABLE_MODULES = YES;
				CLANG_ENABLE_OBJC_ARC = YES;
				CLANG_ENABLE_OBJC_WEAK = YES;
				CLANG_WARN_BLOCK_CAPTURE_AUTORELEASING = YES;
				CLANG_WARN_BOOL_CONVERSION = YES;
				CLANG_WARN_COMMA = YES;
				CLANG_WARN_CONSTANT_CONVERSION = YES;
				CLANG_WARN_DEPRECATED_OBJC_IMPLEMENTATIONS = YES;
				CLANG_WARN_DIRECT_OBJC_ISA_USAGE = YES_ERROR;
				CLANG_WARN_DOCUMENTATION_COMMENTS = YES;
				CLANG_WARN_EMPTY_BODY = YES;
				CLANG_WARN_ENUM_CONVERSION = YES;
				CLANG_WARN_INFINITE_RECURSION = YES;
				CLANG_WARN_INT_CONVERSION = YES;
				CLANG_WARN_NON_LITERAL_NULL_CONVERSION = YES;
				CLANG_WARN_OBJC_IMPLICIT_RETAIN_SELF = YES;
				CLANG_WARN_OBJC_LITERAL_CONVERSION = YES;
				CLANG_WARN_OBJC_ROOT_CLASS = YES_ERROR;
				CLANG_WARN_RANGE_LOOP_ANALYSIS = YES;
				CLANG_WARN_STRICT_PROTOTYPES = YES;
				CLANG_WARN_SUSPICIOUS_MOVE = YES;
				CLANG_WARN_UNGUARDED_AVAILABILITY = YES_AGGRESSIVE;
				CLANG_WARN_UNREACHABLE_CODE = YES;
				CLANG_WARN__DUPLICATE_METHOD_MATCH = YES;
				COPY_PHASE_STRIP = NO;
				DEBUG_INFORMATION_FORMAT = dwarf;
				ENABLE_STRICT_OBJC_MSGSEND = YES;
				ENABLE_TESTABILITY = YES;
				GCC_C_LANGUAGE_STANDARD = gnu11;
				GCC_DYNAMIC_NO_PIC = NO;
				GCC_NO_COMMON_BLOCKS = YES;
				GCC_OPTIMIZATION_LEVEL = 0;
				GCC_PREPROCESSOR_DEFINITIONS = (
					"DEBUG=1",
					"$(inherited)",
				);
				GCC_WARN_64_TO_32_BIT_CONVERSION = YES;
				GCC_WARN_ABOUT_RETURN_TYPE = YES_ERROR;
				GCC_WARN_UNDECLARED_SELECTOR = YES;
				GCC_WARN_UNINITIALIZED_AUTOS = YES_AGGRESSIVE;
				GCC_WARN_UNUSED_FUNCTION = YES;
				GCC_WARN_UNUSED_VARIABLE = YES;
				IPHONEOS_DEPLOYMENT_TARGET = 13.5;
				MTL_ENABLE_DEBUG_INFO = INCLUDE_SOURCE;
				MTL_FAST_MATH = YES;
				ONLY_ACTIVE_ARCH = YES;
				SDKROOT = iphoneos;
				SWIFT_ACTIVE_COMPILATION_CONDITIONS = DEBUG;
				SWIFT_OPTIMIZATION_LEVEL = "-Onone";
			};
			name = Debug;
		};
		707029AF24B612A000AF7491 /* Release */ = {
			isa = XCBuildConfiguration;
			buildSettings = {
				ALWAYS_SEARCH_USER_PATHS = NO;
				CLANG_ANALYZER_NONNULL = YES;
				CLANG_ANALYZER_NUMBER_OBJECT_CONVERSION = YES_AGGRESSIVE;
				CLANG_CXX_LANGUAGE_STANDARD = "gnu++14";
				CLANG_CXX_LIBRARY = "libc++";
				CLANG_ENABLE_MODULES = YES;
				CLANG_ENABLE_OBJC_ARC = YES;
				CLANG_ENABLE_OBJC_WEAK = YES;
				CLANG_WARN_BLOCK_CAPTURE_AUTORELEASING = YES;
				CLANG_WARN_BOOL_CONVERSION = YES;
				CLANG_WARN_COMMA = YES;
				CLANG_WARN_CONSTANT_CONVERSION = YES;
				CLANG_WARN_DEPRECATED_OBJC_IMPLEMENTATIONS = YES;
				CLANG_WARN_DIRECT_OBJC_ISA_USAGE = YES_ERROR;
				CLANG_WARN_DOCUMENTATION_COMMENTS = YES;
				CLANG_WARN_EMPTY_BODY = YES;
				CLANG_WARN_ENUM_CONVERSION = YES;
				CLANG_WARN_INFINITE_RECURSION = YES;
				CLANG_WARN_INT_CONVERSION = YES;
				CLANG_WARN_NON_LITERAL_NULL_CONVERSION = YES;
				CLANG_WARN_OBJC_IMPLICIT_RETAIN_SELF = YES;
				CLANG_WARN_OBJC_LITERAL_CONVERSION = YES;
				CLANG_WARN_OBJC_ROOT_CLASS = YES_ERROR;
				CLANG_WARN_RANGE_LOOP_ANALYSIS = YES;
				CLANG_WARN_STRICT_PROTOTYPES = YES;
				CLANG_WARN_SUSPICIOUS_MOVE = YES;
				CLANG_WARN_UNGUARDED_AVAILABILITY = YES_AGGRESSIVE;
				CLANG_WARN_UNREACHABLE_CODE = YES;
				CLANG_WARN__DUPLICATE_METHOD_MATCH = YES;
				COPY_PHASE_STRIP = NO;
				DEBUG_INFORMATION_FORMAT = "dwarf-with-dsym";
				ENABLE_NS_ASSERTIONS = NO;
				ENABLE_STRICT_OBJC_MSGSEND = YES;
				GCC_C_LANGUAGE_STANDARD = gnu11;
				GCC_NO_COMMON_BLOCKS = YES;
				GCC_WARN_64_TO_32_BIT_CONVERSION = YES;
				GCC_WARN_ABOUT_RETURN_TYPE = YES_ERROR;
				GCC_WARN_UNDECLARED_SELECTOR = YES;
				GCC_WARN_UNINITIALIZED_AUTOS = YES_AGGRESSIVE;
				GCC_WARN_UNUSED_FUNCTION = YES;
				GCC_WARN_UNUSED_VARIABLE = YES;
				IPHONEOS_DEPLOYMENT_TARGET = 13.5;
				MTL_ENABLE_DEBUG_INFO = NO;
				MTL_FAST_MATH = YES;
				SDKROOT = iphoneos;
				SWIFT_COMPILATION_MODE = wholemodule;
				SWIFT_OPTIMIZATION_LEVEL = "-O";
				VALIDATE_PRODUCT = YES;
			};
			name = Release;
		};
		707029B124B612A000AF7491 /* Debug */ = {
			isa = XCBuildConfiguration;
			buildSettings = {
				ASSETCATALOG_COMPILER_APPICON_NAME = AppIcon;
				CODE_SIGN_STYLE = Automatic;
				INFOPLIST_FILE = KitaBisaMovieDBTest/Info.plist;
				LD_RUNPATH_SEARCH_PATHS = (
					"$(inherited)",
					"@executable_path/Frameworks",
				);
				PRODUCT_BUNDLE_IDENTIFIER = com.arcell.KitaBisaMovieDBTest;
				PRODUCT_NAME = "$(TARGET_NAME)";
				SWIFT_VERSION = 5.0;
				TARGETED_DEVICE_FAMILY = 1;
			};
			name = Debug;
		};
		707029B224B612A000AF7491 /* Release */ = {
			isa = XCBuildConfiguration;
			buildSettings = {
				ASSETCATALOG_COMPILER_APPICON_NAME = AppIcon;
				CODE_SIGN_STYLE = Automatic;
				INFOPLIST_FILE = KitaBisaMovieDBTest/Info.plist;
				LD_RUNPATH_SEARCH_PATHS = (
					"$(inherited)",
					"@executable_path/Frameworks",
				);
				PRODUCT_BUNDLE_IDENTIFIER = com.arcell.KitaBisaMovieDBTest;
				PRODUCT_NAME = "$(TARGET_NAME)";
				SWIFT_VERSION = 5.0;
				TARGETED_DEVICE_FAMILY = 1;
			};
			name = Release;
		};
/* End XCBuildConfiguration section */

/* Begin XCConfigurationList section */
		7070299724B6129E00AF7491 /* Build configuration list for PBXProject "KitaBisaMovieDBTest" */ = {
			isa = XCConfigurationList;
			buildConfigurations = (
				707029AE24B612A000AF7491 /* Debug */,
				707029AF24B612A000AF7491 /* Release */,
			);
			defaultConfigurationIsVisible = 0;
			defaultConfigurationName = Release;
		};
		707029B024B612A000AF7491 /* Build configuration list for PBXNativeTarget "KitaBisaMovieDBTest" */ = {
			isa = XCConfigurationList;
			buildConfigurations = (
				707029B124B612A000AF7491 /* Debug */,
				707029B224B612A000AF7491 /* Release */,
			);
			defaultConfigurationIsVisible = 0;
			defaultConfigurationName = Release;
		};
/* End XCConfigurationList section */
	};
	rootObject = 7070299424B6129E00AF7491 /* Project object */;
}
